
Microsoft Visual Studio Solution File, Format Version 12.00
# Visual Studio Version 17
VisualStudioVersion = 17.7.34031.279
MinimumVisualStudioVersion = 10.0.40219.1
Project("{FAE04EC0-301F-11D3-BF4B-00C04F79EFBC}") = "ExerciceRecrutementRestaurant", "ExerciceRecrutementRestaurant\ExerciceRecrutementRestaurant.csproj", "{B4B158A2-0573-4DDD-9870-A0E3332EDB94}"
EndProject
Global
	GlobalSection(SolutionConfigurationPlatforms) = preSolution
		Debug|Any CPU = Debug|Any CPU
		Release|Any CPU = Release|Any CPU
	EndGlobalSection
	GlobalSection(ProjectConfigurationPlatforms) = postSolution
		{B4B158A2-0573-4DDD-9870-A0E3332EDB94}.Debug|Any CPU.ActiveCfg = Debug|Any CPU
		{B4B158A2-0573-4DDD-9870-A0E3332EDB94}.Debug|Any CPU.Build.0 = Debug|Any CPU
		{B4B158A2-0573-4DDD-9870-A0E3332EDB94}.Release|Any CPU.ActiveCfg = Release|Any CPU
		{B4B158A2-0573-4DDD-9870-A0E3332EDB94}.Release|Any CPU.Build.0 = Release|Any CPU
	EndGlobalSection
	GlobalSection(SolutionProperties) = preSolution
		HideSolutionNode = FALSE
	EndGlobalSection
	GlobalSection(ExtensibilityGlobals) = postSolution
		SolutionGuid = {94A78012-ECA5-468C-B12B-D2C224EBDBD7}
	EndGlobalSection
EndGlobal
